
Microsoft Visual Studio Solution File, Format Version 12.00
# Visual Studio Version 17
VisualStudioVersion = 17.2.32616.157
MinimumVisualStudioVersion = 10.0.40219.1
Project("{FAE04EC0-301F-11D3-BF4B-00C04F79EFBC}") = "FizzBuzzMVCApp", "FizzBuzzMVCApp\FizzBuzzMVCApp.csproj", "{726BC253-2F34-42AB-ACF6-BF164BA9ED19}"
EndProject
Global
	GlobalSection(SolutionConfigurationPlatforms) = preSolution
		Debug|Any CPU = Debug|Any CPU
		Release|Any CPU = Release|Any CPU
	EndGlobalSection
	GlobalSection(ProjectConfigurationPlatforms) = postSolution
		{726BC253-2F34-42AB-ACF6-BF164BA9ED19}.Debug|Any CPU.ActiveCfg = Debug|Any CPU
		{726BC253-2F34-42AB-ACF6-BF164BA9ED19}.Debug|Any CPU.Build.0 = Debug|Any CPU
		{726BC253-2F34-42AB-ACF6-BF164BA9ED19}.Release|Any CPU.ActiveCfg = Release|Any CPU
		{726BC253-2F34-42AB-ACF6-BF164BA9ED19}.Release|Any CPU.Build.0 = Release|Any CPU
	EndGlobalSection
	GlobalSection(SolutionProperties) = preSolution
		HideSolutionNode = FALSE
	EndGlobalSection
	GlobalSection(ExtensibilityGlobals) = postSolution
		SolutionGuid = {B886D480-607D-43B8-9E1E-8D2930A02675}
	EndGlobalSection
EndGlobal
